
Microsoft Visual Studio Solution File, Format Version 12.00
# Visual Studio Version 17
VisualStudioVersion = 17.12.35707.178 d17.12
MinimumVisualStudioVersion = 10.0.40219.1
Project("{FAE04EC0-301F-11D3-BF4B-00C04F79EFBC}") = "Infrastructure", "Infrastructure\Infrastructure.csproj", "{CC51BAE6-AB10-431C-BA1F-98C9F5CCB770}"
EndProject
Project("{FAE04EC0-301F-11D3-BF4B-00C04F79EFBC}") = "Application", "Application\Application.csproj", "{24F360E6-4760-4646-82BE-9C9D27EC3210}"
EndProject
Project("{FAE04EC0-301F-11D3-BF4B-00C04F79EFBC}") = "Domain", "Domain\Domain.csproj", "{30F4629D-A657-4B2C-8D96-525BB7922B37}"
EndProject
Project("{FAE04EC0-301F-11D3-BF4B-00C04F79EFBC}") = "Persistence", "Persistence\Persistence.csproj", "{68BBEA2F-2149-4C8C-982E-48CF731E9C80}"
EndProject
Project("{FAE04EC0-301F-11D3-BF4B-00C04F79EFBC}") = "WebAPI", "WebAPI\WebAPI.csproj", "{69400188-F8C9-4FCF-8B1E-44DB8511220A}"
EndProject
Project("{2150E333-8FDC-42A3-9474-1A3956D46DE8}") = "src", "src", "{D7D8901F-599A-41F1-9006-92D45892AA1E}"
EndProject
Global
	GlobalSection(SolutionConfigurationPlatforms) = preSolution
		Debug|Any CPU = Debug|Any CPU
		Release|Any CPU = Release|Any CPU
	EndGlobalSection
	GlobalSection(ProjectConfigurationPlatforms) = postSolution
		{CC51BAE6-AB10-431C-BA1F-98C9F5CCB770}.Debug|Any CPU.ActiveCfg = Debug|Any CPU
		{CC51BAE6-AB10-431C-BA1F-98C9F5CCB770}.Debug|Any CPU.Build.0 = Debug|Any CPU
		{CC51BAE6-AB10-431C-BA1F-98C9F5CCB770}.Release|Any CPU.ActiveCfg = Release|Any CPU
		{CC51BAE6-AB10-431C-BA1F-98C9F5CCB770}.Release|Any CPU.Build.0 = Release|Any CPU
		{24F360E6-4760-4646-82BE-9C9D27EC3210}.Debug|Any CPU.ActiveCfg = Debug|Any CPU
		{24F360E6-4760-4646-82BE-9C9D27EC3210}.Debug|Any CPU.Build.0 = Debug|Any CPU
		{24F360E6-4760-4646-82BE-9C9D27EC3210}.Release|Any CPU.ActiveCfg = Release|Any CPU
		{24F360E6-4760-4646-82BE-9C9D27EC3210}.Release|Any CPU.Build.0 = Release|Any CPU
		{30F4629D-A657-4B2C-8D96-525BB7922B37}.Debug|Any CPU.ActiveCfg = Debug|Any CPU
		{30F4629D-A657-4B2C-8D96-525BB7922B37}.Debug|Any CPU.Build.0 = Debug|Any CPU
		{30F4629D-A657-4B2C-8D96-525BB7922B37}.Release|Any CPU.ActiveCfg = Release|Any CPU
		{30F4629D-A657-4B2C-8D96-525BB7922B37}.Release|Any CPU.Build.0 = Release|Any CPU
		{68BBEA2F-2149-4C8C-982E-48CF731E9C80}.Debug|Any CPU.ActiveCfg = Debug|Any CPU
		{68BBEA2F-2149-4C8C-982E-48CF731E9C80}.Debug|Any CPU.Build.0 = Debug|Any CPU
		{68BBEA2F-2149-4C8C-982E-48CF731E9C80}.Release|Any CPU.ActiveCfg = Release|Any CPU
		{68BBEA2F-2149-4C8C-982E-48CF731E9C80}.Release|Any CPU.Build.0 = Release|Any CPU
		{69400188-F8C9-4FCF-8B1E-44DB8511220A}.Debug|Any CPU.ActiveCfg = Debug|Any CPU
		{69400188-F8C9-4FCF-8B1E-44DB8511220A}.Debug|Any CPU.Build.0 = Debug|Any CPU
		{69400188-F8C9-4FCF-8B1E-44DB8511220A}.Release|Any CPU.ActiveCfg = Release|Any CPU
		{69400188-F8C9-4FCF-8B1E-44DB8511220A}.Release|Any CPU.Build.0 = Release|Any CPU
	EndGlobalSection
	GlobalSection(SolutionProperties) = preSolution
		HideSolutionNode = FALSE
	EndGlobalSection
	GlobalSection(NestedProjects) = preSolution
		{CC51BAE6-AB10-431C-BA1F-98C9F5CCB770} = {D7D8901F-599A-41F1-9006-92D45892AA1E}
		{24F360E6-4760-4646-82BE-9C9D27EC3210} = {D7D8901F-599A-41F1-9006-92D45892AA1E}
		{30F4629D-A657-4B2C-8D96-525BB7922B37} = {D7D8901F-599A-41F1-9006-92D45892AA1E}
		{68BBEA2F-2149-4C8C-982E-48CF731E9C80} = {D7D8901F-599A-41F1-9006-92D45892AA1E}
		{69400188-F8C9-4FCF-8B1E-44DB8511220A} = {D7D8901F-599A-41F1-9006-92D45892AA1E}
	EndGlobalSection
EndGlobal
